
Microsoft Visual Studio Solution File, Format Version 12.00
# Visual Studio Version 16
VisualStudioVersion = 16.0.30114.105
MinimumVisualStudioVersion = 10.0.40219.1
Project("{FAE04EC0-301F-11D3-BF4B-00C04F79EFBC}") = "Exam10", "Exam10\Exam10.csproj", "{373ADE8C-6027-4414-ABF9-9E9B15D9F170}"
EndProject
Global
	GlobalSection(SolutionConfigurationPlatforms) = preSolution
		Debug|Any CPU = Debug|Any CPU
		Release|Any CPU = Release|Any CPU
	EndGlobalSection
	GlobalSection(ProjectConfigurationPlatforms) = postSolution
		{373ADE8C-6027-4414-ABF9-9E9B15D9F170}.Debug|Any CPU.ActiveCfg = Debug|Any CPU
		{373ADE8C-6027-4414-ABF9-9E9B15D9F170}.Debug|Any CPU.Build.0 = Debug|Any CPU
		{373ADE8C-6027-4414-ABF9-9E9B15D9F170}.Release|Any CPU.ActiveCfg = Release|Any CPU
		{373ADE8C-6027-4414-ABF9-9E9B15D9F170}.Release|Any CPU.Build.0 = Release|Any CPU
	EndGlobalSection
	GlobalSection(SolutionProperties) = preSolution
		HideSolutionNode = FALSE
	EndGlobalSection
	GlobalSection(ExtensibilityGlobals) = postSolution
		SolutionGuid = {444CADB9-E324-4001-B3F5-0F57F3550B27}
	EndGlobalSection
EndGlobal
